// !$*UTF8*$!
{
	archiveVersion = 1;
	classes = {
	};
	objectVersion = 56;
	objects = {

/* Begin PBXBuildFile section */
		5371C2D32A881E1900A4737C /* EditNoteView.swift in Sources */ = {isa = PBXBuildFile; fileRef = 5371C2D22A881E1900A4737C /* EditNoteView.swift */; };
		5371C2D52A8822F500A4737C /* NotesLockView.swift in Sources */ = {isa = PBXBuildFile; fileRef = 5371C2D42A8822F500A4737C /* NotesLockView.swift */; };
		5371C2D72A88233C00A4737C /* AppLockViewModel.swift in Sources */ = {isa = PBXBuildFile; fileRef = 5371C2D62A88233C00A4737C /* AppLockViewModel.swift */; };
		5371C2D92A88237700A4737C /* NotesConfigView.swift in Sources */ = {isa = PBXBuildFile; fileRef = 5371C2D82A88237700A4737C /* NotesConfigView.swift */; };
		5371C2DB2A8823B500A4737C /* HomeView.swift in Sources */ = {isa = PBXBuildFile; fileRef = 5371C2DA2A8823B500A4737C /* HomeView.swift */; };
		5371C2DD2A8827E100A4737C /* NoteDetailView.swift in Sources */ = {isa = PBXBuildFile; fileRef = 5371C2DC2A8827E100A4737C /* NoteDetailView.swift */; };
		5371C2DF2A89762900A4737C /* ImagePicker.swift in Sources */ = {isa = PBXBuildFile; fileRef = 5371C2DE2A89762900A4737C /* ImagePicker.swift */; };
		5371C2E12A89828D00A4737C /* MapView.swift in Sources */ = {isa = PBXBuildFile; fileRef = 5371C2E02A89828D00A4737C /* MapView.swift */; };
		53AB095D2A81D80D00F498E1 /* NotesApp.swift in Sources */ = {isa = PBXBuildFile; fileRef = 53AB095C2A81D80D00F498E1 /* NotesApp.swift */; };
		53AB095F2A81D80D00F498E1 /* ContentView.swift in Sources */ = {isa = PBXBuildFile; fileRef = 53AB095E2A81D80D00F498E1 /* ContentView.swift */; };
		53AB09612A81D80F00F498E1 /* Assets.xcassets in Resources */ = {isa = PBXBuildFile; fileRef = 53AB09602A81D80F00F498E1 /* Assets.xcassets */; };
		53AB09642A81D80F00F498E1 /* Preview Assets.xcassets in Resources */ = {isa = PBXBuildFile; fileRef = 53AB09632A81D80F00F498E1 /* Preview Assets.xcassets */; };
		53AB09882A81D8A700F498E1 /* NoteModel.xcdatamodeld in Sources */ = {isa = PBXBuildFile; fileRef = 53AB09862A81D8A700F498E1 /* NoteModel.xcdatamodeld */; };
		53AB098A2A81D93900F498E1 /* DataController.swift in Sources */ = {isa = PBXBuildFile; fileRef = 53AB09892A81D93900F498E1 /* DataController.swift */; };
		53AB098E2A81DB7200F498E1 /* AddNoteView.swift in Sources */ = {isa = PBXBuildFile; fileRef = 53AB098D2A81DB7200F498E1 /* AddNoteView.swift */; };
/* End PBXBuildFile section */

/* Begin PBXContainerItemProxy section */
		53AB096A2A81D80F00F498E1 /* PBXContainerItemProxy */ = {
			isa = PBXContainerItemProxy;
			containerPortal = 53AB09512A81D80D00F498E1 /* Project object */;
			proxyType = 1;
			remoteGlobalIDString = 53AB09582A81D80D00F498E1;
			remoteInfo = Notes;
		};
		53AB09742A81D80F00F498E1 /* PBXContainerItemProxy */ = {
			isa = PBXContainerItemProxy;
			containerPortal = 53AB09512A81D80D00F498E1 /* Project object */;
			proxyType = 1;
			remoteGlobalIDString = 53AB09582A81D80D00F498E1;
			remoteInfo = Notes;
		};
/* End PBXContainerItemProxy section */

/* Begin PBXFileReference section */
		5371C2D22A881E1900A4737C /* EditNoteView.swift */ = {isa = PBXFileReference; lastKnownFileType = sourcecode.swift; path = EditNoteView.swift; sourceTree = "<group>"; };
		5371C2D42A8822F500A4737C /* NotesLockView.swift */ = {isa = PBXFileReference; lastKnownFileType = sourcecode.swift; path = NotesLockView.swift; sourceTree = "<group>"; };
		5371C2D62A88233C00A4737C /* AppLockViewModel.swift */ = {isa = PBXFileReference; lastKnownFileType = sourcecode.swift; path = AppLockViewModel.swift; sourceTree = "<group>"; };
		5371C2D82A88237700A4737C /* NotesConfigView.swift */ = {isa = PBXFileReference; lastKnownFileType = sourcecode.swift; path = NotesConfigView.swift; sourceTree = "<group>"; };
		5371C2DA2A8823B500A4737C /* HomeView.swift */ = {isa = PBXFileReference; lastKnownFileType = sourcecode.swift; path = HomeView.swift; sourceTree = "<group>"; };
		5371C2DC2A8827E100A4737C /* NoteDetailView.swift */ = {isa = PBXFileReference; lastKnownFileType = sourcecode.swift; path = NoteDetailView.swift; sourceTree = "<group>"; };
		5371C2DE2A89762900A4737C /* ImagePicker.swift */ = {isa = PBXFileReference; lastKnownFileType = sourcecode.swift; path = ImagePicker.swift; sourceTree = "<group>"; };
		5371C2E02A89828D00A4737C /* MapView.swift */ = {isa = PBXFileReference; lastKnownFileType = sourcecode.swift; path = MapView.swift; sourceTree = "<group>"; };
		53AB09592A81D80D00F498E1 /* Notes.app */ = {isa = PBXFileReference; explicitFileType = wrapper.application; includeInIndex = 0; path = Notes.app; sourceTree = BUILT_PRODUCTS_DIR; };
		53AB095C2A81D80D00F498E1 /* NotesApp.swift */ = {isa = PBXFileReference; lastKnownFileType = sourcecode.swift; path = NotesApp.swift; sourceTree = "<group>"; };
		53AB095E2A81D80D00F498E1 /* ContentView.swift */ = {isa = PBXFileReference; lastKnownFileType = sourcecode.swift; path = ContentView.swift; sourceTree = "<group>"; };
		53AB09602A81D80F00F498E1 /* Assets.xcassets */ = {isa = PBXFileReference; lastKnownFileType = folder.assetcatalog; path = Assets.xcassets; sourceTree = "<group>"; };
		53AB09632A81D80F00F498E1 /* Preview Assets.xcassets */ = {isa = PBXFileReference; lastKnownFileType = folder.assetcatalog; path = "Preview Assets.xcassets"; sourceTree = "<group>"; };
		53AB09692A81D80F00F498E1 /* NotesTests.xctest */ = {isa = PBXFileReference; explicitFileType = wrapper.cfbundle; includeInIndex = 0; path = NotesTests.xctest; sourceTree = BUILT_PRODUCTS_DIR; };
		53AB09732A81D80F00F498E1 /* NotesUITests.xctest */ = {isa = PBXFileReference; explicitFileType = wrapper.cfbundle; includeInIndex = 0; path = NotesUITests.xctest; sourceTree = BUILT_PRODUCTS_DIR; };
		53AB09872A81D8A700F498E1 /* NoteModel.xcdatamodel */ = {isa = PBXFileReference; lastKnownFileType = wrapper.xcdatamodel; path = NoteModel.xcdatamodel; sourceTree = "<group>"; };
		53AB09892A81D93900F498E1 /* DataController.swift */ = {isa = PBXFileReference; lastKnownFileType = sourcecode.swift; path = DataController.swift; sourceTree = "<group>"; };
		53AB098D2A81DB7200F498E1 /* AddNoteView.swift */ = {isa = PBXFileReference; lastKnownFileType = sourcecode.swift; path = AddNoteView.swift; sourceTree = "<group>"; };
/* End PBXFileReference section */

/* Begin PBXFrameworksBuildPhase section */
		53AB09562A81D80D00F498E1 /* Frameworks */ = {
			isa = PBXFrameworksBuildPhase;
			buildActionMask = 2147483647;
			files = (
			);
			runOnlyForDeploymentPostprocessing = 0;
		};
		53AB09662A81D80F00F498E1 /* Frameworks */ = {
			isa = PBXFrameworksBuildPhase;
			buildActionMask = 2147483647;
			files = (
			);
			runOnlyForDeploymentPostprocessing = 0;
		};
		53AB09702A81D80F00F498E1 /* Frameworks */ = {
			isa = PBXFrameworksBuildPhase;
			buildActionMask = 2147483647;
			files = (
			);
			runOnlyForDeploymentPostprocessing = 0;
		};
/* End PBXFrameworksBuildPhase section */

/* Begin PBXGroup section */
		53AB09502A81D80D00F498E1 = {
			isa = PBXGroup;
			children = (
				53AB095B2A81D80D00F498E1 /* Notes */,
				53AB095A2A81D80D00F498E1 /* Products */,
			);
			sourceTree = "<group>";
		};
		53AB095A2A81D80D00F498E1 /* Products */ = {
			isa = PBXGroup;
			children = (
				53AB09592A81D80D00F498E1 /* Notes.app */,
				53AB09692A81D80F00F498E1 /* NotesTests.xctest */,
				53AB09732A81D80F00F498E1 /* NotesUITests.xctest */,
			);
			name = Products;
			sourceTree = "<group>";
		};
		53AB095B2A81D80D00F498E1 /* Notes */ = {
			isa = PBXGroup;
			children = (
				53AB098B2A81DB5600F498E1 /* Views */,
				53AB095C2A81D80D00F498E1 /* NotesApp.swift */,
				5371C2DE2A89762900A4737C /* ImagePicker.swift */,
				5371C2D62A88233C00A4737C /* AppLockViewModel.swift */,
				53AB09862A81D8A700F498E1 /* NoteModel.xcdatamodeld */,
				53AB09892A81D93900F498E1 /* DataController.swift */,
				53AB095E2A81D80D00F498E1 /* ContentView.swift */,
				53AB09602A81D80F00F498E1 /* Assets.xcassets */,
				53AB09622A81D80F00F498E1 /* Preview Content */,
			);
			path = Notes;
			sourceTree = "<group>";
		};
		53AB09622A81D80F00F498E1 /* Preview Content */ = {
			isa = PBXGroup;
			children = (
				53AB09632A81D80F00F498E1 /* Preview Assets.xcassets */,
			);
			path = "Preview Content";
			sourceTree = "<group>";
		};
		53AB098B2A81DB5600F498E1 /* Views */ = {
			isa = PBXGroup;
			children = (
				53AB098D2A81DB7200F498E1 /* AddNoteView.swift */,
				5371C2E02A89828D00A4737C /* MapView.swift */,
				5371C2DC2A8827E100A4737C /* NoteDetailView.swift */,
				5371C2D22A881E1900A4737C /* EditNoteView.swift */,
				5371C2D42A8822F500A4737C /* NotesLockView.swift */,
				5371C2D82A88237700A4737C /* NotesConfigView.swift */,
				5371C2DA2A8823B500A4737C /* HomeView.swift */,
			);
			path = Views;
			sourceTree = "<group>";
		};
/* End PBXGroup section */

/* Begin PBXNativeTarget section */
		53AB09582A81D80D00F498E1 /* Notes */ = {
			isa = PBXNativeTarget;
			buildConfigurationList = 53AB097D2A81D80F00F498E1 /* Build configuration list for PBXNativeTarget "Notes" */;
			buildPhases = (
				53AB09552A81D80D00F498E1 /* Sources */,
				53AB09562A81D80D00F498E1 /* Frameworks */,
				53AB09572A81D80D00F498E1 /* Resources */,
			);
			buildRules = (
			);
			dependencies = (
			);
			name = Notes;
			productName = Notes;
			productReference = 53AB09592A81D80D00F498E1 /* Notes.app */;
			productType = "com.apple.product-type.application";
		};
		53AB09682A81D80F00F498E1 /* NotesTests */ = {
			isa = PBXNativeTarget;
			buildConfigurationList = 53AB09802A81D80F00F498E1 /* Build configuration list for PBXNativeTarget "NotesTests" */;
			buildPhases = (
				53AB09652A81D80F00F498E1 /* Sources */,
				53AB09662A81D80F00F498E1 /* Frameworks */,
				53AB09672A81D80F00F498E1 /* Resources */,
			);
			buildRules = (
			);
			dependencies = (
				53AB096B2A81D80F00F498E1 /* PBXTargetDependency */,
			);
			name = NotesTests;
			productName = NotesTests;
			productReference = 53AB09692A81D80F00F498E1 /* NotesTests.xctest */;
			productType = "com.apple.product-type.bundle.unit-test";
		};
		53AB09722A81D80F00F498E1 /* NotesUITests */ = {
			isa = PBXNativeTarget;
			buildConfigurationList = 53AB09832A81D80F00F498E1 /* Build configuration list for PBXNativeTarget "NotesUITests" */;
			buildPhases = (
				53AB096F2A81D80F00F498E1 /* Sources */,
				53AB09702A81D80F00F498E1 /* Frameworks */,
				53AB09712A81D80F00F498E1 /* Resources */,
			);
			buildRules = (
			);
			dependencies = (
				53AB09752A81D80F00F498E1 /* PBXTargetDependency */,
			);
			name = NotesUITests;
			productName = NotesUITests;
			productReference = 53AB09732A81D80F00F498E1 /* NotesUITests.xctest */;
			productType = "com.apple.product-type.bundle.ui-testing";
		};
/* End PBXNativeTarget section */

/* Begin PBXProject section */
		53AB09512A81D80D00F498E1 /* Project object */ = {
			isa = PBXProject;
			attributes = {
				BuildIndependentTargetsInParallel = 1;
				LastSwiftUpdateCheck = 1430;
				LastUpgradeCheck = 1430;
				TargetAttributes = {
					53AB09582A81D80D00F498E1 = {
						CreatedOnToolsVersion = 14.3;
					};
					53AB09682A81D80F00F498E1 = {
						CreatedOnToolsVersion = 14.3;
						TestTargetID = 53AB09582A81D80D00F498E1;
					};
					53AB09722A81D80F00F498E1 = {
						CreatedOnToolsVersion = 14.3;
						TestTargetID = 53AB09582A81D80D00F498E1;
					};
				};
			};
			buildConfigurationList = 53AB09542A81D80D00F498E1 /* Build configuration list for PBXProject "Notes" */;
			compatibilityVersion = "Xcode 14.0";
			developmentRegion = en;
			hasScannedForEncodings = 0;
			knownRegions = (
				en,
				Base,
			);
			mainGroup = 53AB09502A81D80D00F498E1;
			productRefGroup = 53AB095A2A81D80D00F498E1 /* Products */;
			projectDirPath = "";
			projectRoot = "";
			targets = (
				53AB09582A81D80D00F498E1 /* Notes */,
				53AB09682A81D80F00F498E1 /* NotesTests */,
				53AB09722A81D80F00F498E1 /* NotesUITests */,
			);
		};
/* End PBXProject section */

/* Begin PBXResourcesBuildPhase section */
		53AB09572A81D80D00F498E1 /* Resources */ = {
			isa = PBXResourcesBuildPhase;
			buildActionMask = 2147483647;
			files = (
				53AB09642A81D80F00F498E1 /* Preview Assets.xcassets in Resources */,
				53AB09612A81D80F00F498E1 /* Assets.xcassets in Resources */,
			);
			runOnlyForDeploymentPostprocessing = 0;
		};
		53AB09672A81D80F00F498E1 /* Resources */ = {
			isa = PBXResourcesBuildPhase;
			buildActionMask = 2147483647;
			files = (
			);
			runOnlyForDeploymentPostprocessing = 0;
		};
		53AB09712A81D80F00F498E1 /* Resources */ = {
			isa = PBXResourcesBuildPhase;
			buildActionMask = 2147483647;
			files = (
			);
			runOnlyForDeploymentPostprocessing = 0;
		};
/* End PBXResourcesBuildPhase section */

/* Begin PBXSourcesBuildPhase section */
		53AB09552A81D80D00F498E1 /* Sources */ = {
			isa = PBXSourcesBuildPhase;
			buildActionMask = 2147483647;
			files = (
				5371C2D92A88237700A4737C /* NotesConfigView.swift in Sources */,
				53AB095F2A81D80D00F498E1 /* ContentView.swift in Sources */,
				53AB098A2A81D93900F498E1 /* DataController.swift in Sources */,
				5371C2DB2A8823B500A4737C /* HomeView.swift in Sources */,
				5371C2E12A89828D00A4737C /* MapView.swift in Sources */,
				53AB095D2A81D80D00F498E1 /* NotesApp.swift in Sources */,
				5371C2D52A8822F500A4737C /* NotesLockView.swift in Sources */,
				53AB09882A81D8A700F498E1 /* NoteModel.xcdatamodeld in Sources */,
				5371C2DD2A8827E100A4737C /* NoteDetailView.swift in Sources */,
				5371C2D32A881E1900A4737C /* EditNoteView.swift in Sources */,
				5371C2DF2A89762900A4737C /* ImagePicker.swift in Sources */,
				53AB098E2A81DB7200F498E1 /* AddNoteView.swift in Sources */,
				5371C2D72A88233C00A4737C /* AppLockViewModel.swift in Sources */,
			);
			runOnlyForDeploymentPostprocessing = 0;
		};
		53AB09652A81D80F00F498E1 /* Sources */ = {
			isa = PBXSourcesBuildPhase;
			buildActionMask = 2147483647;
			files = (
			);
			runOnlyForDeploymentPostprocessing = 0;
		};
		53AB096F2A81D80F00F498E1 /* Sources */ = {
			isa = PBXSourcesBuildPhase;
			buildActionMask = 2147483647;
			files = (
			);
			runOnlyForDeploymentPostprocessing = 0;
		};
/* End PBXSourcesBuildPhase section */

/* Begin PBXTargetDependency section */
		53AB096B2A81D80F00F498E1 /* PBXTargetDependency */ = {
			isa = PBXTargetDependency;
			target = 53AB09582A81D80D00F498E1 /* Notes */;
			targetProxy = 53AB096A2A81D80F00F498E1 /* PBXContainerItemProxy */;
		};
		53AB09752A81D80F00F498E1 /* PBXTargetDependency */ = {
			isa = PBXTargetDependency;
			target = 53AB09582A81D80D00F498E1 /* Notes */;
			targetProxy = 53AB09742A81D80F00F498E1 /* PBXContainerItemProxy */;
		};
/* End PBXTargetDependency section */

/* Begin XCBuildConfiguration section */
		53AB097B2A81D80F00F498E1 /* Debug */ = {
			isa = XCBuildConfiguration;
			buildSettings = {
				ALWAYS_SEARCH_USER_PATHS = NO;
				CLANG_ANALYZER_NONNULL = YES;
				CLANG_ANALYZER_NUMBER_OBJECT_CONVERSION = YES_AGGRESSIVE;
				CLANG_CXX_LANGUAGE_STANDARD = "gnu++20";
				CLANG_ENABLE_MODULES = YES;
				CLANG_ENABLE_OBJC_ARC = YES;
				CLANG_ENABLE_OBJC_WEAK = YES;
				CLANG_WARN_BLOCK_CAPTURE_AUTORELEASING = YES;
				CLANG_WARN_BOOL_CONVERSION = YES;
				CLANG_WARN_COMMA = YES;
				CLANG_WARN_CONSTANT_CONVERSION = YES;
				CLANG_WARN_DEPRECATED_OBJC_IMPLEMENTATIONS = YES;
				CLANG_WARN_DIRECT_OBJC_ISA_USAGE = YES_ERROR;
				CLANG_WARN_DOCUMENTATION_COMMENTS = YES;
				CLANG_WARN_EMPTY_BODY = YES;
				CLANG_WARN_ENUM_CONVERSION = YES;
				CLANG_WARN_INFINITE_RECURSION = YES;
				CLANG_WARN_INT_CONVERSION = YES;
				CLANG_WARN_NON_LITERAL_NULL_CONVERSION = YES;
				CLANG_WARN_OBJC_IMPLICIT_RETAIN_SELF = YES;
				CLANG_WARN_OBJC_LITERAL_CONVERSION = YES;
				CLANG_WARN_OBJC_ROOT_CLASS = YES_ERROR;
				CLANG_WARN_QUOTED_INCLUDE_IN_FRAMEWORK_HEADER = YES;
				CLANG_WARN_RANGE_LOOP_ANALYSIS = YES;
				CLANG_WARN_STRICT_PROTOTYPES = YES;
				CLANG_WARN_SUSPICIOUS_MOVE = YES;
				CLANG_WARN_UNGUARDED_AVAILABILITY = YES_AGGRESSIVE;
				CLANG_WARN_UNREACHABLE_CODE = YES;
				CLANG_WARN__DUPLICATE_METHOD_MATCH = YES;
				COPY_PHASE_STRIP = NO;
				DEBUG_INFORMATION_FORMAT = dwarf;
				ENABLE_STRICT_OBJC_MSGSEND = YES;
				ENABLE_TESTABILITY = YES;
				GCC_C_LANGUAGE_STANDARD = gnu11;
				GCC_DYNAMIC_NO_PIC = NO;
				GCC_NO_COMMON_BLOCKS = YES;
				GCC_OPTIMIZATION_LEVEL = 0;
				GCC_PREPROCESSOR_DEFINITIONS = (
					"DEBUG=1",
					"$(inherited)",
				);
				GCC_WARN_64_TO_32_BIT_CONVERSION = YES;
				GCC_WARN_ABOUT_RETURN_TYPE = YES_ERROR;
				GCC_WARN_UNDECLARED_SELECTOR = YES;
				GCC_WARN_UNINITIALIZED_AUTOS = YES_AGGRESSIVE;
				GCC_WARN_UNUSED_FUNCTION = YES;
				GCC_WARN_UNUSED_VARIABLE = YES;
				IPHONEOS_DEPLOYMENT_TARGET = 16.4;
				MTL_ENABLE_DEBUG_INFO = INCLUDE_SOURCE;
				MTL_FAST_MATH = YES;
				ONLY_ACTIVE_ARCH = YES;
				SDKROOT = iphoneos;
				SWIFT_ACTIVE_COMPILATION_CONDITIONS = DEBUG;
				SWIFT_OPTIMIZATION_LEVEL = "-Onone";
			};
			name = Debug;
		};
		53AB097C2A81D80F00F498E1 /* Release */ = {
			isa = XCBuildConfiguration;
			buildSettings = {
				ALWAYS_SEARCH_USER_PATHS = NO;
				CLANG_ANALYZER_NONNULL = YES;
				CLANG_ANALYZER_NUMBER_OBJECT_CONVERSION = YES_AGGRESSIVE;
				CLANG_CXX_LANGUAGE_STANDARD = "gnu++20";
				CLANG_ENABLE_MODULES = YES;
				CLANG_ENABLE_OBJC_ARC = YES;
				CLANG_ENABLE_OBJC_WEAK = YES;
				CLANG_WARN_BLOCK_CAPTURE_AUTORELEASING = YES;
				CLANG_WARN_BOOL_CONVERSION = YES;
				CLANG_WARN_COMMA = YES;
				CLANG_WARN_CONSTANT_CONVERSION = YES;
				CLANG_WARN_DEPRECATED_OBJC_IMPLEMENTATIONS = YES;
				CLANG_WARN_DIRECT_OBJC_ISA_USAGE = YES_ERROR;
				CLANG_WARN_DOCUMENTATION_COMMENTS = YES;
				CLANG_WARN_EMPTY_BODY = YES;
				CLANG_WARN_ENUM_CONVERSION = YES;
				CLANG_WARN_INFINITE_RECURSION = YES;
				CLANG_WARN_INT_CONVERSION = YES;
				CLANG_WARN_NON_LITERAL_NULL_CONVERSION = YES;
				CLANG_WARN_OBJC_IMPLICIT_RETAIN_SELF = YES;
				CLANG_WARN_OBJC_LITERAL_CONVERSION = YES;
				CLANG_WARN_OBJC_ROOT_CLASS = YES_ERROR;
				CLANG_WARN_QUOTED_INCLUDE_IN_FRAMEWORK_HEADER = YES;
				CLANG_WARN_RANGE_LOOP_ANALYSIS = YES;
				CLANG_WARN_STRICT_PROTOTYPES = YES;
				CLANG_WARN_SUSPICIOUS_MOVE = YES;
				CLANG_WARN_UNGUARDED_AVAILABILITY = YES_AGGRESSIVE;
				CLANG_WARN_UNREACHABLE_CODE = YES;
				CLANG_WARN__DUPLICATE_METHOD_MATCH = YES;
				COPY_PHASE_STRIP = NO;
				DEBUG_INFORMATION_FORMAT = "dwarf-with-dsym";
				ENABLE_NS_ASSERTIONS = NO;
				ENABLE_STRICT_OBJC_MSGSEND = YES;
				GCC_C_LANGUAGE_STANDARD = gnu11;
				GCC_NO_COMMON_BLOCKS = YES;
				GCC_WARN_64_TO_32_BIT_CONVERSION = YES;
				GCC_WARN_ABOUT_RETURN_TYPE = YES_ERROR;
				GCC_WARN_UNDECLARED_SELECTOR = YES;
				GCC_WARN_UNINITIALIZED_AUTOS = YES_AGGRESSIVE;
				GCC_WARN_UNUSED_FUNCTION = YES;
				GCC_WARN_UNUSED_VARIABLE = YES;
				IPHONEOS_DEPLOYMENT_TARGET = 16.4;
				MTL_ENABLE_DEBUG_INFO = NO;
				MTL_FAST_MATH = YES;
				SDKROOT = iphoneos;
				SWIFT_COMPILATION_MODE = wholemodule;
				SWIFT_OPTIMIZATION_LEVEL = "-O";
				VALIDATE_PRODUCT = YES;
			};
			name = Release;
		};
		53AB097E2A81D80F00F498E1 /* Debug */ = {
			isa = XCBuildConfiguration;
			buildSettings = {
				ASSETCATALOG_COMPILER_APPICON_NAME = AppIcon;
				ASSETCATALOG_COMPILER_GLOBAL_ACCENT_COLOR_NAME = AccentColor;
				CODE_SIGN_STYLE = Automatic;
				CURRENT_PROJECT_VERSION = 1;
				DEVELOPMENT_ASSET_PATHS = "\"Notes/Preview Content\"";
				DEVELOPMENT_TEAM = BAFB3SW982;
				ENABLE_PREVIEWS = YES;
				GENERATE_INFOPLIST_FILE = YES;
				INFOPLIST_KEY_NSCameraUsageDescription = "Notes camera use";
				INFOPLIST_KEY_NSFaceIDUsageDescription = "notestcc requires TouchID or FaceID permission for App Lock";
				INFOPLIST_KEY_NSLocationWhenInUseUsageDescription = "Notes app needs your location";
				INFOPLIST_KEY_NSPhotoLibraryUsageDescription = "Notes photo use";
				INFOPLIST_KEY_UIApplicationSceneManifest_Generation = YES;
				INFOPLIST_KEY_UIApplicationSupportsIndirectInputEvents = YES;
				INFOPLIST_KEY_UILaunchScreen_Generation = YES;
				INFOPLIST_KEY_UISupportedInterfaceOrientations_iPad = "UIInterfaceOrientationPortrait UIInterfaceOrientationPortraitUpsideDown UIInterfaceOrientationLandscapeLeft UIInterfaceOrientationLandscapeRight";
				INFOPLIST_KEY_UISupportedInterfaceOrientations_iPhone = "UIInterfaceOrientationPortrait UIInterfaceOrientationLandscapeLeft UIInterfaceOrientationLandscapeRight";
				LD_RUNPATH_SEARCH_PATHS = (
					"$(inherited)",
					"@executable_path/Frameworks",
				);
				MARKETING_VERSION = 1.0;
				PRODUCT_BUNDLE_IDENTIFIER = igorbfranco.Notes;
				PRODUCT_NAME = "$(TARGET_NAME)";
				SWIFT_EMIT_LOC_STRINGS = YES;
				SWIFT_VERSION = 5.0;
				TARGETED_DEVICE_FAMILY = "1,2";
			};
			name = Debug;
		};
		53AB097F2A81D80F00F498E1 /* Release */ = {
			isa = XCBuildConfiguration;
			buildSettings = {
				ASSETCATALOG_COMPILER_APPICON_NAME = AppIcon;
				ASSETCATALOG_COMPILER_GLOBAL_ACCENT_COLOR_NAME = AccentColor;
				CODE_SIGN_STYLE = Automatic;
				CURRENT_PROJECT_VERSION = 1;
				DEVELOPMENT_ASSET_PATHS = "\"Notes/Preview Content\"";
				DEVELOPMENT_TEAM = BAFB3SW982;
				ENABLE_PREVIEWS = YES;
				GENERATE_INFOPLIST_FILE = YES;
				INFOPLIST_KEY_NSCameraUsageDescription = "Notes camera use";
				INFOPLIST_KEY_NSFaceIDUsageDescription = "notestcc requires TouchID or FaceID permission for App Lock";
				INFOPLIST_KEY_NSLocationWhenInUseUsageDescription = "Notes app needs your location";
				INFOPLIST_KEY_NSPhotoLibraryUsageDescription = "Notes photo use";
				INFOPLIST_KEY_UIApplicationSceneManifest_Generation = YES;
				INFOPLIST_KEY_UIApplicationSupportsIndirectInputEvents = YES;
				INFOPLIST_KEY_UILaunchScreen_Generation = YES;
				INFOPLIST_KEY_UISupportedInterfaceOrientations_iPad = "UIInterfaceOrientationPortrait UIInterfaceOrientationPortraitUpsideDown UIInterfaceOrientationLandscapeLeft UIInterfaceOrientationLandscapeRight";
				INFOPLIST_KEY_UISupportedInterfaceOrientations_iPhone = "UIInterfaceOrientationPortrait UIInterfaceOrientationLandscapeLeft UIInterfaceOrientationLandscapeRight";
				LD_RUNPATH_SEARCH_PATHS = (
					"$(inherited)",
					"@executable_path/Frameworks",
				);
				MARKETING_VERSION = 1.0;
				PRODUCT_BUNDLE_IDENTIFIER = igorbfranco.Notes;
				PRODUCT_NAME = "$(TARGET_NAME)";
				SWIFT_EMIT_LOC_STRINGS = YES;
				SWIFT_VERSION = 5.0;
				TARGETED_DEVICE_FAMILY = "1,2";
			};
			name = Release;
		};
		53AB09812A81D80F00F498E1 /* Debug */ = {
			isa = XCBuildConfiguration;
			buildSettings = {
				ALWAYS_EMBED_SWIFT_STANDARD_LIBRARIES = YES;
				BUNDLE_LOADER = "$(TEST_HOST)";
				CODE_SIGN_STYLE = Automatic;
				CURRENT_PROJECT_VERSION = 1;
				DEVELOPMENT_TEAM = BAFB3SW982;
				GENERATE_INFOPLIST_FILE = YES;
				IPHONEOS_DEPLOYMENT_TARGET = 16.4;
				MARKETING_VERSION = 1.0;
				PRODUCT_BUNDLE_IDENTIFIER = igorbfranco.NotesTests;
				PRODUCT_NAME = "$(TARGET_NAME)";
				SWIFT_EMIT_LOC_STRINGS = NO;
				SWIFT_VERSION = 5.0;
				TARGETED_DEVICE_FAMILY = "1,2";
				TEST_HOST = "$(BUILT_PRODUCTS_DIR)/Notes.app/$(BUNDLE_EXECUTABLE_FOLDER_PATH)/Notes";
			};
			name = Debug;
		};
		53AB09822A81D80F00F498E1 /* Release */ = {
			isa = XCBuildConfiguration;
			buildSettings = {
				ALWAYS_EMBED_SWIFT_STANDARD_LIBRARIES = YES;
				BUNDLE_LOADER = "$(TEST_HOST)";
				CODE_SIGN_STYLE = Automatic;
				CURRENT_PROJECT_VERSION = 1;
				DEVELOPMENT_TEAM = BAFB3SW982;
				GENERATE_INFOPLIST_FILE = YES;
				IPHONEOS_DEPLOYMENT_TARGET = 16.4;
				MARKETING_VERSION = 1.0;
				PRODUCT_BUNDLE_IDENTIFIER = igorbfranco.NotesTests;
				PRODUCT_NAME = "$(TARGET_NAME)";
				SWIFT_EMIT_LOC_STRINGS = NO;
				SWIFT_VERSION = 5.0;
				TARGETED_DEVICE_FAMILY = "1,2";
				TEST_HOST = "$(BUILT_PRODUCTS_DIR)/Notes.app/$(BUNDLE_EXECUTABLE_FOLDER_PATH)/Notes";
			};
			name = Release;
		};
		53AB09842A81D80F00F498E1 /* Debug */ = {
			isa = XCBuildConfiguration;
			buildSettings = {
				ALWAYS_EMBED_SWIFT_STANDARD_LIBRARIES = YES;
				CODE_SIGN_STYLE = Automatic;
				CURRENT_PROJECT_VERSION = 1;
				DEVELOPMENT_TEAM = BAFB3SW982;
				GENERATE_INFOPLIST_FILE = YES;
				MARKETING_VERSION = 1.0;
				PRODUCT_BUNDLE_IDENTIFIER = igorbfranco.NotesUITests;
				PRODUCT_NAME = "$(TARGET_NAME)";
				SWIFT_EMIT_LOC_STRINGS = NO;
				SWIFT_VERSION = 5.0;
				TARGETED_DEVICE_FAMILY = "1,2";
				TEST_TARGET_NAME = Notes;
			};
			name = Debug;
		};
		53AB09852A81D80F00F498E1 /* Release */ = {
			isa = XCBuildConfiguration;
			buildSettings = {
				ALWAYS_EMBED_SWIFT_STANDARD_LIBRARIES = YES;
				CODE_SIGN_STYLE = Automatic;
				CURRENT_PROJECT_VERSION = 1;
				DEVELOPMENT_TEAM = BAFB3SW982;
				GENERATE_INFOPLIST_FILE = YES;
				MARKETING_VERSION = 1.0;
				PRODUCT_BUNDLE_IDENTIFIER = igorbfranco.NotesUITests;
				PRODUCT_NAME = "$(TARGET_NAME)";
				SWIFT_EMIT_LOC_STRINGS = NO;
				SWIFT_VERSION = 5.0;
				TARGETED_DEVICE_FAMILY = "1,2";
				TEST_TARGET_NAME = Notes;
			};
			name = Release;
		};
/* End XCBuildConfiguration section */

/* Begin XCConfigurationList section */
		53AB09542A81D80D00F498E1 /* Build configuration list for PBXProject "Notes" */ = {
			isa = XCConfigurationList;
			buildConfigurations = (
				53AB097B2A81D80F00F498E1 /* Debug */,
				53AB097C2A81D80F00F498E1 /* Release */,
			);
			defaultConfigurationIsVisible = 0;
			defaultConfigurationName = Release;
		};
		53AB097D2A81D80F00F498E1 /* Build configuration list for PBXNativeTarget "Notes" */ = {
			isa = XCConfigurationList;
			buildConfigurations = (
				53AB097E2A81D80F00F498E1 /* Debug */,
				53AB097F2A81D80F00F498E1 /* Release */,
			);
			defaultConfigurationIsVisible = 0;
			defaultConfigurationName = Release;
		};
		53AB09802A81D80F00F498E1 /* Build configuration list for PBXNativeTarget "NotesTests" */ = {
			isa = XCConfigurationList;
			buildConfigurations = (
				53AB09812A81D80F00F498E1 /* Debug */,
				53AB09822A81D80F00F498E1 /* Release */,
			);
			defaultConfigurationIsVisible = 0;
			defaultConfigurationName = Release;
		};
		53AB09832A81D80F00F498E1 /* Build configuration list for PBXNativeTarget "NotesUITests" */ = {
			isa = XCConfigurationList;
			buildConfigurations = (
				53AB09842A81D80F00F498E1 /* Debug */,
				53AB09852A81D80F00F498E1 /* Release */,
			);
			defaultConfigurationIsVisible = 0;
			defaultConfigurationName = Release;
		};
/* End XCConfigurationList section */

/* Begin XCVersionGroup section */
		53AB09862A81D8A700F498E1 /* NoteModel.xcdatamodeld */ = {
			isa = XCVersionGroup;
			children = (
				53AB09872A81D8A700F498E1 /* NoteModel.xcdatamodel */,
			);
			currentVersion = 53AB09872A81D8A700F498E1 /* NoteModel.xcdatamodel */;
			path = NoteModel.xcdatamodeld;
			sourceTree = "<group>";
			versionGroupType = wrapper.xcdatamodel;
		};
/* End XCVersionGroup section */
	};
	rootObject = 53AB09512A81D80D00F498E1 /* Project object */;
}
